
Microsoft Visual Studio Solution File, Format Version 12.00
# Visual Studio Version 17
VisualStudioVersion = 17.0.31903.59
MinimumVisualStudioVersion = 10.0.40219.1
Project("{2150E333-8FDC-42A3-9474-1A3956D46DE8}") = "src", "src", "{A4B3B65B-F18C-4FEF-95AB-B150E32F882D}"
EndProject
Project("{FAE04EC0-301F-11D3-BF4B-00C04F79EFBC}") = "NetPeek.Shared", "src\NetPeek.Shared\NetPeek.Shared.csproj", "{48680ABF-8505-4271-A7E8-52D1A2500595}"
EndProject
Project("{FAE04EC0-301F-11D3-BF4B-00C04F79EFBC}") = "NetPeek.Collector", "src\NetPeek.Collector\NetPeek.Collector.csproj", "{AE6EBCE7-8A30-469E-A826-D6141DD7AD46}"
EndProject
Global
	GlobalSection(SolutionConfigurationPlatforms) = preSolution
		Debug|Any CPU = Debug|Any CPU
		Release|Any CPU = Release|Any CPU
	EndGlobalSection
	GlobalSection(SolutionProperties) = preSolution
		HideSolutionNode = FALSE
	EndGlobalSection
	GlobalSection(ProjectConfigurationPlatforms) = postSolution
		{48680ABF-8505-4271-A7E8-52D1A2500595}.Debug|Any CPU.ActiveCfg = Debug|Any CPU
		{48680ABF-8505-4271-A7E8-52D1A2500595}.Debug|Any CPU.Build.0 = Debug|Any CPU
		{48680ABF-8505-4271-A7E8-52D1A2500595}.Release|Any CPU.ActiveCfg = Release|Any CPU
		{48680ABF-8505-4271-A7E8-52D1A2500595}.Release|Any CPU.Build.0 = Release|Any CPU
		{AE6EBCE7-8A30-469E-A826-D6141DD7AD46}.Debug|Any CPU.ActiveCfg = Debug|Any CPU
		{AE6EBCE7-8A30-469E-A826-D6141DD7AD46}.Debug|Any CPU.Build.0 = Debug|Any CPU
		{AE6EBCE7-8A30-469E-A826-D6141DD7AD46}.Release|Any CPU.ActiveCfg = Release|Any CPU
		{AE6EBCE7-8A30-469E-A826-D6141DD7AD46}.Release|Any CPU.Build.0 = Release|Any CPU
	EndGlobalSection
	GlobalSection(NestedProjects) = preSolution
		{48680ABF-8505-4271-A7E8-52D1A2500595} = {A4B3B65B-F18C-4FEF-95AB-B150E32F882D}
		{AE6EBCE7-8A30-469E-A826-D6141DD7AD46} = {A4B3B65B-F18C-4FEF-95AB-B150E32F882D}
	EndGlobalSection
EndGlobal
